
Microsoft Visual Studio Solution File, Format Version 12.00
# Visual Studio 15
VisualStudioVersion = 15.0.28010.2036
MinimumVisualStudioVersion = 10.0.40219.1
Project("{FAE04EC0-301F-11D3-BF4B-00C04F79EFBC}") = "PocBlazor", "PocBlazor\PocBlazor.csproj", "{46C7B14F-1274-4206-BAEE-6AD0276626D6}"
EndProject
Global
	GlobalSection(SolutionConfigurationPlatforms) = preSolution
		Debug|Any CPU = Debug|Any CPU
		Release|Any CPU = Release|Any CPU
	EndGlobalSection
	GlobalSection(ProjectConfigurationPlatforms) = postSolution
		{46C7B14F-1274-4206-BAEE-6AD0276626D6}.Debug|Any CPU.ActiveCfg = Debug|Any CPU
		{46C7B14F-1274-4206-BAEE-6AD0276626D6}.Debug|Any CPU.Build.0 = Debug|Any CPU
		{46C7B14F-1274-4206-BAEE-6AD0276626D6}.Release|Any CPU.ActiveCfg = Release|Any CPU
		{46C7B14F-1274-4206-BAEE-6AD0276626D6}.Release|Any CPU.Build.0 = Release|Any CPU
	EndGlobalSection
	GlobalSection(SolutionProperties) = preSolution
		HideSolutionNode = FALSE
	EndGlobalSection
	GlobalSection(ExtensibilityGlobals) = postSolution
		SolutionGuid = {10FF7452-B94D-4735-9634-F13F8C41B50E}
	EndGlobalSection
EndGlobal
